
Microsoft Visual Studio Solution File, Format Version 12.00
# Visual Studio Version 17
VisualStudioVersion = 17.0.31903.59
MinimumVisualStudioVersion = 10.0.40219.1
Project("{FAE04EC0-301F-11D3-BF4B-00C04F79EFBC}") = "Drastic.SlackTextViewControllerSamples", "Drastic.SlackTextViewControllerSamples\Drastic.SlackTextViewControllerSamples.csproj", "{B703BFA3-A8B2-470A-897D-658258D3EA98}"
EndProject
Project("{FAE04EC0-301F-11D3-BF4B-00C04F79EFBC}") = "Drastic.SlackTextViewControllerSamples.Catalyst", "Drastic.SlackTextViewControllerSamples.Catalyst\Drastic.SlackTextViewControllerSamples.Catalyst.csproj", "{E6C9DEA5-3989-4B58-BF6D-2AA5A67A8A0B}"
EndProject
Project("{FAE04EC0-301F-11D3-BF4B-00C04F79EFBC}") = "Drastic.SlackTextViewControllerSamples.iOS", "Drastic.SlackTextViewControllerSamples.iOS\Drastic.SlackTextViewControllerSamples.iOS.csproj", "{C95916FE-581E-40AB-B112-B62E10487A79}"
EndProject
Global
	GlobalSection(SolutionConfigurationPlatforms) = preSolution
		Debug|Any CPU = Debug|Any CPU
		Release|Any CPU = Release|Any CPU
	EndGlobalSection
	GlobalSection(SolutionProperties) = preSolution
		HideSolutionNode = FALSE
	EndGlobalSection
	GlobalSection(ProjectConfigurationPlatforms) = postSolution
		{B703BFA3-A8B2-470A-897D-658258D3EA98}.Debug|Any CPU.ActiveCfg = Debug|Any CPU
		{B703BFA3-A8B2-470A-897D-658258D3EA98}.Debug|Any CPU.Build.0 = Debug|Any CPU
		{B703BFA3-A8B2-470A-897D-658258D3EA98}.Release|Any CPU.ActiveCfg = Release|Any CPU
		{B703BFA3-A8B2-470A-897D-658258D3EA98}.Release|Any CPU.Build.0 = Release|Any CPU
		{E6C9DEA5-3989-4B58-BF6D-2AA5A67A8A0B}.Debug|Any CPU.ActiveCfg = Debug|Any CPU
		{E6C9DEA5-3989-4B58-BF6D-2AA5A67A8A0B}.Debug|Any CPU.Build.0 = Debug|Any CPU
		{E6C9DEA5-3989-4B58-BF6D-2AA5A67A8A0B}.Release|Any CPU.ActiveCfg = Release|Any CPU
		{E6C9DEA5-3989-4B58-BF6D-2AA5A67A8A0B}.Release|Any CPU.Build.0 = Release|Any CPU
		{C95916FE-581E-40AB-B112-B62E10487A79}.Debug|Any CPU.ActiveCfg = Debug|Any CPU
		{C95916FE-581E-40AB-B112-B62E10487A79}.Debug|Any CPU.Build.0 = Debug|Any CPU
		{C95916FE-581E-40AB-B112-B62E10487A79}.Release|Any CPU.ActiveCfg = Release|Any CPU
		{C95916FE-581E-40AB-B112-B62E10487A79}.Release|Any CPU.Build.0 = Release|Any CPU
	EndGlobalSection
EndGlobal
